// !$*UTF8*$!
{
	archiveVersion = 1;
	classes = {
	};
	objectVersion = 50;
	objects = {

/* Begin PBXBuildFile section */
		1883435123F118D200A4E67E /* AppDelegate.swift in Sources */ = {isa = PBXBuildFile; fileRef = 1883435023F118D200A4E67E /* AppDelegate.swift */; };
		1883435323F118D200A4E67E /* SceneDelegate.swift in Sources */ = {isa = PBXBuildFile; fileRef = 1883435223F118D200A4E67E /* SceneDelegate.swift */; };
		1883435523F118D200A4E67E /* ViewController.swift in Sources */ = {isa = PBXBuildFile; fileRef = 1883435423F118D200A4E67E /* ViewController.swift */; };
		1883435823F118D200A4E67E /* Main.storyboard in Resources */ = {isa = PBXBuildFile; fileRef = 1883435623F118D200A4E67E /* Main.storyboard */; };
		1883435A23F118D400A4E67E /* Assets.xcassets in Resources */ = {isa = PBXBuildFile; fileRef = 1883435923F118D400A4E67E /* Assets.xcassets */; };
		1883435D23F118D400A4E67E /* LaunchScreen.storyboard in Resources */ = {isa = PBXBuildFile; fileRef = 1883435B23F118D400A4E67E /* LaunchScreen.storyboard */; };
		1883436823F118D400A4E67E /* checkworkTests.swift in Sources */ = {isa = PBXBuildFile; fileRef = 1883436723F118D400A4E67E /* checkworkTests.swift */; };
		1883437323F118D400A4E67E /* checkworkUITests.swift in Sources */ = {isa = PBXBuildFile; fileRef = 1883437223F118D400A4E67E /* checkworkUITests.swift */; };
/* End PBXBuildFile section */

/* Begin PBXContainerItemProxy section */
		1883436423F118D400A4E67E /* PBXContainerItemProxy */ = {
			isa = PBXContainerItemProxy;
			containerPortal = 1883434523F118D200A4E67E /* Project object */;
			proxyType = 1;
			remoteGlobalIDString = 1883434C23F118D200A4E67E;
			remoteInfo = checkwork;
		};
		1883436F23F118D400A4E67E /* PBXContainerItemProxy */ = {
			isa = PBXContainerItemProxy;
			containerPortal = 1883434523F118D200A4E67E /* Project object */;
			proxyType = 1;
			remoteGlobalIDString = 1883434C23F118D200A4E67E;
			remoteInfo = checkwork;
		};
/* End PBXContainerItemProxy section */

/* Begin PBXFileReference section */
		1883434D23F118D200A4E67E /* checkwork.app */ = {isa = PBXFileReference; explicitFileType = wrapper.application; includeInIndex = 0; path = checkwork.app; sourceTree = BUILT_PRODUCTS_DIR; };
		1883435023F118D200A4E67E /* AppDelegate.swift */ = {isa = PBXFileReference; lastKnownFileType = sourcecode.swift; path = AppDelegate.swift; sourceTree = "<group>"; };
		1883435223F118D200A4E67E /* SceneDelegate.swift */ = {isa = PBXFileReference; lastKnownFileType = sourcecode.swift; path = SceneDelegate.swift; sourceTree = "<group>"; };
		1883435423F118D200A4E67E /* ViewController.swift */ = {isa = PBXFileReference; lastKnownFileType = sourcecode.swift; path = ViewController.swift; sourceTree = "<group>"; };
		1883435723F118D200A4E67E /* Base */ = {isa = PBXFileReference; lastKnownFileType = file.storyboard; name = Base; path = Base.lproj/Main.storyboard; sourceTree = "<group>"; };
		1883435923F118D400A4E67E /* Assets.xcassets */ = {isa = PBXFileReference; lastKnownFileType = folder.assetcatalog; path = Assets.xcassets; sourceTree = "<group>"; };
		1883435C23F118D400A4E67E /* Base */ = {isa = PBXFileReference; lastKnownFileType = file.storyboard; name = Base; path = Base.lproj/LaunchScreen.storyboard; sourceTree = "<group>"; };
		1883435E23F118D400A4E67E /* Info.plist */ = {isa = PBXFileReference; lastKnownFileType = text.plist.xml; path = Info.plist; sourceTree = "<group>"; };
		1883436323F118D400A4E67E /* checkworkTests.xctest */ = {isa = PBXFileReference; explicitFileType = wrapper.cfbundle; includeInIndex = 0; path = checkworkTests.xctest; sourceTree = BUILT_PRODUCTS_DIR; };
		1883436723F118D400A4E67E /* checkworkTests.swift */ = {isa = PBXFileReference; lastKnownFileType = sourcecode.swift; path = checkworkTests.swift; sourceTree = "<group>"; };
		1883436923F118D400A4E67E /* Info.plist */ = {isa = PBXFileReference; lastKnownFileType = text.plist.xml; path = Info.plist; sourceTree = "<group>"; };
		1883436E23F118D400A4E67E /* checkworkUITests.xctest */ = {isa = PBXFileReference; explicitFileType = wrapper.cfbundle; includeInIndex = 0; path = checkworkUITests.xctest; sourceTree = BUILT_PRODUCTS_DIR; };
		1883437223F118D400A4E67E /* checkworkUITests.swift */ = {isa = PBXFileReference; lastKnownFileType = sourcecode.swift; path = checkworkUITests.swift; sourceTree = "<group>"; };
		1883437423F118D400A4E67E /* Info.plist */ = {isa = PBXFileReference; lastKnownFileType = text.plist.xml; path = Info.plist; sourceTree = "<group>"; };
/* End PBXFileReference section */

/* Begin PBXFrameworksBuildPhase section */
		1883434A23F118D200A4E67E /* Frameworks */ = {
			isa = PBXFrameworksBuildPhase;
			buildActionMask = 2147483647;
			files = (
			);
			runOnlyForDeploymentPostprocessing = 0;
		};
		1883436023F118D400A4E67E /* Frameworks */ = {
			isa = PBXFrameworksBuildPhase;
			buildActionMask = 2147483647;
			files = (
			);
			runOnlyForDeploymentPostprocessing = 0;
		};
		1883436B23F118D400A4E67E /* Frameworks */ = {
			isa = PBXFrameworksBuildPhase;
			buildActionMask = 2147483647;
			files = (
			);
			runOnlyForDeploymentPostprocessing = 0;
		};
/* End PBXFrameworksBuildPhase section */

/* Begin PBXGroup section */
		1883434423F118D200A4E67E = {
			isa = PBXGroup;
			children = (
				1883434F23F118D200A4E67E /* checkwork */,
				1883436623F118D400A4E67E /* checkworkTests */,
				1883437123F118D400A4E67E /* checkworkUITests */,
				1883434E23F118D200A4E67E /* Products */,
			);
			sourceTree = "<group>";
		};
		1883434E23F118D200A4E67E /* Products */ = {
			isa = PBXGroup;
			children = (
				1883434D23F118D200A4E67E /* checkwork.app */,
				1883436323F118D400A4E67E /* checkworkTests.xctest */,
				1883436E23F118D400A4E67E /* checkworkUITests.xctest */,
			);
			name = Products;
			sourceTree = "<group>";
		};
		1883434F23F118D200A4E67E /* checkwork */ = {
			isa = PBXGroup;
			children = (
				1883435023F118D200A4E67E /* AppDelegate.swift */,
				1883435223F118D200A4E67E /* SceneDelegate.swift */,
				1883435423F118D200A4E67E /* ViewController.swift */,
				1883435623F118D200A4E67E /* Main.storyboard */,
				1883435923F118D400A4E67E /* Assets.xcassets */,
				1883435B23F118D400A4E67E /* LaunchScreen.storyboard */,
				1883435E23F118D400A4E67E /* Info.plist */,
			);
			path = checkwork;
			sourceTree = "<group>";
		};
		1883436623F118D400A4E67E /* checkworkTests */ = {
			isa = PBXGroup;
			children = (
				1883436723F118D400A4E67E /* checkworkTests.swift */,
				1883436923F118D400A4E67E /* Info.plist */,
			);
			path = checkworkTests;
			sourceTree = "<group>";
		};
		1883437123F118D400A4E67E /* checkworkUITests */ = {
			isa = PBXGroup;
			children = (
				1883437223F118D400A4E67E /* checkworkUITests.swift */,
				1883437423F118D400A4E67E /* Info.plist */,
			);
			path = checkworkUITests;
			sourceTree = "<group>";
		};
/* End PBXGroup section */

/* Begin PBXNativeTarget section */
		1883434C23F118D200A4E67E /* checkwork */ = {
			isa = PBXNativeTarget;
			buildConfigurationList = 1883437723F118D400A4E67E /* Build configuration list for PBXNativeTarget "checkwork" */;
			buildPhases = (
				1883434923F118D200A4E67E /* Sources */,
				1883434A23F118D200A4E67E /* Frameworks */,
				1883434B23F118D200A4E67E /* Resources */,
			);
			buildRules = (
			);
			dependencies = (
			);
			name = checkwork;
			productName = checkwork;
			productReference = 1883434D23F118D200A4E67E /* checkwork.app */;
			productType = "com.apple.product-type.application";
		};
		1883436223F118D400A4E67E /* checkworkTests */ = {
			isa = PBXNativeTarget;
			buildConfigurationList = 1883437A23F118D400A4E67E /* Build configuration list for PBXNativeTarget "checkworkTests" */;
			buildPhases = (
				1883435F23F118D400A4E67E /* Sources */,
				1883436023F118D400A4E67E /* Frameworks */,
				1883436123F118D400A4E67E /* Resources */,
			);
			buildRules = (
			);
			dependencies = (
				1883436523F118D400A4E67E /* PBXTargetDependency */,
			);
			name = checkworkTests;
			productName = checkworkTests;
			productReference = 1883436323F118D400A4E67E /* checkworkTests.xctest */;
			productType = "com.apple.product-type.bundle.unit-test";
		};
		1883436D23F118D400A4E67E /* checkworkUITests */ = {
			isa = PBXNativeTarget;
			buildConfigurationList = 1883437D23F118D400A4E67E /* Build configuration list for PBXNativeTarget "checkworkUITests" */;
			buildPhases = (
				1883436A23F118D400A4E67E /* Sources */,
				1883436B23F118D400A4E67E /* Frameworks */,
				1883436C23F118D400A4E67E /* Resources */,
			);
			buildRules = (
			);
			dependencies = (
				1883437023F118D400A4E67E /* PBXTargetDependency */,
			);
			name = checkworkUITests;
			productName = checkworkUITests;
			productReference = 1883436E23F118D400A4E67E /* checkworkUITests.xctest */;
			productType = "com.apple.product-type.bundle.ui-testing";
		};
/* End PBXNativeTarget section */

/* Begin PBXProject section */
		1883434523F118D200A4E67E /* Project object */ = {
			isa = PBXProject;
			attributes = {
				LastSwiftUpdateCheck = 1130;
				LastUpgradeCheck = 1130;
				ORGANIZATIONNAME = konatsup;
				TargetAttributes = {
					1883434C23F118D200A4E67E = {
						CreatedOnToolsVersion = 11.3.1;
					};
					1883436223F118D400A4E67E = {
						CreatedOnToolsVersion = 11.3.1;
						TestTargetID = 1883434C23F118D200A4E67E;
					};
					1883436D23F118D400A4E67E = {
						CreatedOnToolsVersion = 11.3.1;
						TestTargetID = 1883434C23F118D200A4E67E;
					};
				};
			};
			buildConfigurationList = 1883434823F118D200A4E67E /* Build configuration list for PBXProject "checkwork" */;
			compatibilityVersion = "Xcode 9.3";
			developmentRegion = en;
			hasScannedForEncodings = 0;
			knownRegions = (
				en,
				Base,
			);
			mainGroup = 1883434423F118D200A4E67E;
			productRefGroup = 1883434E23F118D200A4E67E /* Products */;
			projectDirPath = "";
			projectRoot = "";
			targets = (
				1883434C23F118D200A4E67E /* checkwork */,
				1883436223F118D400A4E67E /* checkworkTests */,
				1883436D23F118D400A4E67E /* checkworkUITests */,
			);
		};
/* End PBXProject section */

/* Begin PBXResourcesBuildPhase section */
		1883434B23F118D200A4E67E /* Resources */ = {
			isa = PBXResourcesBuildPhase;
			buildActionMask = 2147483647;
			files = (
				1883435D23F118D400A4E67E /* LaunchScreen.storyboard in Resources */,
				1883435A23F118D400A4E67E /* Assets.xcassets in Resources */,
				1883435823F118D200A4E67E /* Main.storyboard in Resources */,
			);
			runOnlyForDeploymentPostprocessing = 0;
		};
		1883436123F118D400A4E67E /* Resources */ = {
			isa = PBXResourcesBuildPhase;
			buildActionMask = 2147483647;
			files = (
			);
			runOnlyForDeploymentPostprocessing = 0;
		};
		1883436C23F118D400A4E67E /* Resources */ = {
			isa = PBXResourcesBuildPhase;
			buildActionMask = 2147483647;
			files = (
			);
			runOnlyForDeploymentPostprocessing = 0;
		};
/* End PBXResourcesBuildPhase section */

/* Begin PBXSourcesBuildPhase section */
		1883434923F118D200A4E67E /* Sources */ = {
			isa = PBXSourcesBuildPhase;
			buildActionMask = 2147483647;
			files = (
				1883435523F118D200A4E67E /* ViewController.swift in Sources */,
				1883435123F118D200A4E67E /* AppDelegate.swift in Sources */,
				1883435323F118D200A4E67E /* SceneDelegate.swift in Sources */,
			);
			runOnlyForDeploymentPostprocessing = 0;
		};
		1883435F23F118D400A4E67E /* Sources */ = {
			isa = PBXSourcesBuildPhase;
			buildActionMask = 2147483647;
			files = (
				1883436823F118D400A4E67E /* checkworkTests.swift in Sources */,
			);
			runOnlyForDeploymentPostprocessing = 0;
		};
		1883436A23F118D400A4E67E /* Sources */ = {
			isa = PBXSourcesBuildPhase;
			buildActionMask = 2147483647;
			files = (
				1883437323F118D400A4E67E /* checkworkUITests.swift in Sources */,
			);
			runOnlyForDeploymentPostprocessing = 0;
		};
/* End PBXSourcesBuildPhase section */

/* Begin PBXTargetDependency section */
		1883436523F118D400A4E67E /* PBXTargetDependency */ = {
			isa = PBXTargetDependency;
			target = 1883434C23F118D200A4E67E /* checkwork */;
			targetProxy = 1883436423F118D400A4E67E /* PBXContainerItemProxy */;
		};
		1883437023F118D400A4E67E /* PBXTargetDependency */ = {
			isa = PBXTargetDependency;
			target = 1883434C23F118D200A4E67E /* checkwork */;
			targetProxy = 1883436F23F118D400A4E67E /* PBXContainerItemProxy */;
		};
/* End PBXTargetDependency section */

/* Begin PBXVariantGroup section */
		1883435623F118D200A4E67E /* Main.storyboard */ = {
			isa = PBXVariantGroup;
			children = (
				1883435723F118D200A4E67E /* Base */,
			);
			name = Main.storyboard;
			sourceTree = "<group>";
		};
		1883435B23F118D400A4E67E /* LaunchScreen.storyboard */ = {
			isa = PBXVariantGroup;
			children = (
				1883435C23F118D400A4E67E /* Base */,
			);
			name = LaunchScreen.storyboard;
			sourceTree = "<group>";
		};
/* End PBXVariantGroup section */

/* Begin XCBuildConfiguration section */
		1883437523F118D400A4E67E /* Debug */ = {
			isa = XCBuildConfiguration;
			buildSettings = {
				ALWAYS_SEARCH_USER_PATHS = NO;
				CLANG_ANALYZER_NONNULL = YES;
				CLANG_ANALYZER_NUMBER_OBJECT_CONVERSION = YES_AGGRESSIVE;
				CLANG_CXX_LANGUAGE_STANDARD = "gnu++14";
				CLANG_CXX_LIBRARY = "libc++";
				CLANG_ENABLE_MODULES = YES;
				CLANG_ENABLE_OBJC_ARC = YES;
				CLANG_ENABLE_OBJC_WEAK = YES;
				CLANG_WARN_BLOCK_CAPTURE_AUTORELEASING = YES;
				CLANG_WARN_BOOL_CONVERSION = YES;
				CLANG_WARN_COMMA = YES;
				CLANG_WARN_CONSTANT_CONVERSION = YES;
				CLANG_WARN_DEPRECATED_OBJC_IMPLEMENTATIONS = YES;
				CLANG_WARN_DIRECT_OBJC_ISA_USAGE = YES_ERROR;
				CLANG_WARN_DOCUMENTATION_COMMENTS = YES;
				CLANG_WARN_EMPTY_BODY = YES;
				CLANG_WARN_ENUM_CONVERSION = YES;
				CLANG_WARN_INFINITE_RECURSION = YES;
				CLANG_WARN_INT_CONVERSION = YES;
				CLANG_WARN_NON_LITERAL_NULL_CONVERSION = YES;
				CLANG_WARN_OBJC_IMPLICIT_RETAIN_SELF = YES;
				CLANG_WARN_OBJC_LITERAL_CONVERSION = YES;
				CLANG_WARN_OBJC_ROOT_CLASS = YES_ERROR;
				CLANG_WARN_RANGE_LOOP_ANALYSIS = YES;
				CLANG_WARN_STRICT_PROTOTYPES = YES;
				CLANG_WARN_SUSPICIOUS_MOVE = YES;
				CLANG_WARN_UNGUARDED_AVAILABILITY = YES_AGGRESSIVE;
				CLANG_WARN_UNREACHABLE_CODE = YES;
				CLANG_WARN__DUPLICATE_METHOD_MATCH = YES;
				COPY_PHASE_STRIP = NO;
				DEBUG_INFORMATION_FORMAT = dwarf;
				ENABLE_STRICT_OBJC_MSGSEND = YES;
				ENABLE_TESTABILITY = YES;
				GCC_C_LANGUAGE_STANDARD = gnu11;
				GCC_DYNAMIC_NO_PIC = NO;
				GCC_NO_COMMON_BLOCKS = YES;
				GCC_OPTIMIZATION_LEVEL = 0;
				GCC_PREPROCESSOR_DEFINITIONS = (
					"DEBUG=1",
					"$(inherited)",
				);
				GCC_WARN_64_TO_32_BIT_CONVERSION = YES;
				GCC_WARN_ABOUT_RETURN_TYPE = YES_ERROR;
				GCC_WARN_UNDECLARED_SELECTOR = YES;
				GCC_WARN_UNINITIALIZED_AUTOS = YES_AGGRESSIVE;
				GCC_WARN_UNUSED_FUNCTION = YES;
				GCC_WARN_UNUSED_VARIABLE = YES;
				IPHONEOS_DEPLOYMENT_TARGET = 13.2;
				MTL_ENABLE_DEBUG_INFO = INCLUDE_SOURCE;
				MTL_FAST_MATH = YES;
				ONLY_ACTIVE_ARCH = YES;
				SDKROOT = iphoneos;
				SWIFT_ACTIVE_COMPILATION_CONDITIONS = DEBUG;
				SWIFT_OPTIMIZATION_LEVEL = "-Onone";
			};
			name = Debug;
		};
		1883437623F118D400A4E67E /* Release */ = {
			isa = XCBuildConfiguration;
			buildSettings = {
				ALWAYS_SEARCH_USER_PATHS = NO;
				CLANG_ANALYZER_NONNULL = YES;
				CLANG_ANALYZER_NUMBER_OBJECT_CONVERSION = YES_AGGRESSIVE;
				CLANG_CXX_LANGUAGE_STANDARD = "gnu++14";
				CLANG_CXX_LIBRARY = "libc++";
				CLANG_ENABLE_MODULES = YES;
				CLANG_ENABLE_OBJC_ARC = YES;
				CLANG_ENABLE_OBJC_WEAK = YES;
				CLANG_WARN_BLOCK_CAPTURE_AUTORELEASING = YES;
				CLANG_WARN_BOOL_CONVERSION = YES;
				CLANG_WARN_COMMA = YES;
				CLANG_WARN_CONSTANT_CONVERSION = YES;
				CLANG_WARN_DEPRECATED_OBJC_IMPLEMENTATIONS = YES;
				CLANG_WARN_DIRECT_OBJC_ISA_USAGE = YES_ERROR;
				CLANG_WARN_DOCUMENTATION_COMMENTS = YES;
				CLANG_WARN_EMPTY_BODY = YES;
				CLANG_WARN_ENUM_CONVERSION = YES;
				CLANG_WARN_INFINITE_RECURSION = YES;
				CLANG_WARN_INT_CONVERSION = YES;
				CLANG_WARN_NON_LITERAL_NULL_CONVERSION = YES;
				CLANG_WARN_OBJC_IMPLICIT_RETAIN_SELF = YES;
				CLANG_WARN_OBJC_LITERAL_CONVERSION = YES;
				CLANG_WARN_OBJC_ROOT_CLASS = YES_ERROR;
				CLANG_WARN_RANGE_LOOP_ANALYSIS = YES;
				CLANG_WARN_STRICT_PROTOTYPES = YES;
				CLANG_WARN_SUSPICIOUS_MOVE = YES;
				CLANG_WARN_UNGUARDED_AVAILABILITY = YES_AGGRESSIVE;
				CLANG_WARN_UNREACHABLE_CODE = YES;
				CLANG_WARN__DUPLICATE_METHOD_MATCH = YES;
				COPY_PHASE_STRIP = NO;
				DEBUG_INFORMATION_FORMAT = "dwarf-with-dsym";
				ENABLE_NS_ASSERTIONS = NO;
				ENABLE_STRICT_OBJC_MSGSEND = YES;
				GCC_C_LANGUAGE_STANDARD = gnu11;
				GCC_NO_COMMON_BLOCKS = YES;
				GCC_WARN_64_TO_32_BIT_CONVERSION = YES;
				GCC_WARN_ABOUT_RETURN_TYPE = YES_ERROR;
				GCC_WARN_UNDECLARED_SELECTOR = YES;
				GCC_WARN_UNINITIALIZED_AUTOS = YES_AGGRESSIVE;
				GCC_WARN_UNUSED_FUNCTION = YES;
				GCC_WARN_UNUSED_VARIABLE = YES;
				IPHONEOS_DEPLOYMENT_TARGET = 13.2;
				MTL_ENABLE_DEBUG_INFO = NO;
				MTL_FAST_MATH = YES;
				SDKROOT = iphoneos;
				SWIFT_COMPILATION_MODE = wholemodule;
				SWIFT_OPTIMIZATION_LEVEL = "-O";
				VALIDATE_PRODUCT = YES;
			};
			name = Release;
		};
		1883437823F118D400A4E67E /* Debug */ = {
			isa = XCBuildConfiguration;
			buildSettings = {
				ASSETCATALOG_COMPILER_APPICON_NAME = AppIcon;
				CODE_SIGN_STYLE = Automatic;
				INFOPLIST_FILE = checkwork/Info.plist;
				LD_RUNPATH_SEARCH_PATHS = (
					"$(inherited)",
					"@executable_path/Frameworks",
				);
				PRODUCT_BUNDLE_IDENTIFIER = com.konatsup.checkwork;
				PRODUCT_NAME = "$(TARGET_NAME)";
				SWIFT_VERSION = 5.0;
				TARGETED_DEVICE_FAMILY = "1,2";
			};
			name = Debug;
		};
		1883437923F118D400A4E67E /* Release */ = {
			isa = XCBuildConfiguration;
			buildSettings = {
				ASSETCATALOG_COMPILER_APPICON_NAME = AppIcon;
				CODE_SIGN_STYLE = Automatic;
				INFOPLIST_FILE = checkwork/Info.plist;
				LD_RUNPATH_SEARCH_PATHS = (
					"$(inherited)",
					"@executable_path/Frameworks",
				);
				PRODUCT_BUNDLE_IDENTIFIER = com.konatsup.checkwork;
				PRODUCT_NAME = "$(TARGET_NAME)";
				SWIFT_VERSION = 5.0;
				TARGETED_DEVICE_FAMILY = "1,2";
			};
			name = Release;
		};
		1883437B23F118D400A4E67E /* Debug */ = {
			isa = XCBuildConfiguration;
			buildSettings = {
				ALWAYS_EMBED_SWIFT_STANDARD_LIBRARIES = YES;
				BUNDLE_LOADER = "$(TEST_HOST)";
				CODE_SIGN_STYLE = Automatic;
				INFOPLIST_FILE = checkworkTests/Info.plist;
				IPHONEOS_DEPLOYMENT_TARGET = 13.2;
				LD_RUNPATH_SEARCH_PATHS = (
					"$(inherited)",
					"@executable_path/Frameworks",
					"@loader_path/Frameworks",
				);
				PRODUCT_BUNDLE_IDENTIFIER = com.konatsup.checkworkTests;
				PRODUCT_NAME = "$(TARGET_NAME)";
				SWIFT_VERSION = 5.0;
				TARGETED_DEVICE_FAMILY = "1,2";
				TEST_HOST = "$(BUILT_PRODUCTS_DIR)/checkwork.app/checkwork";
			};
			name = Debug;
		};
		1883437C23F118D400A4E67E /* Release */ = {
			isa = XCBuildConfiguration;
			buildSettings = {
				ALWAYS_EMBED_SWIFT_STANDARD_LIBRARIES = YES;
				BUNDLE_LOADER = "$(TEST_HOST)";
				CODE_SIGN_STYLE = Automatic;
				INFOPLIST_FILE = checkworkTests/Info.plist;
				IPHONEOS_DEPLOYMENT_TARGET = 13.2;
				LD_RUNPATH_SEARCH_PATHS = (
					"$(inherited)",
					"@executable_path/Frameworks",
					"@loader_path/Frameworks",
				);
				PRODUCT_BUNDLE_IDENTIFIER = com.konatsup.checkworkTests;
				PRODUCT_NAME = "$(TARGET_NAME)";
				SWIFT_VERSION = 5.0;
				TARGETED_DEVICE_FAMILY = "1,2";
				TEST_HOST = "$(BUILT_PRODUCTS_DIR)/checkwork.app/checkwork";
			};
			name = Release;
		};
		1883437E23F118D400A4E67E /* Debug */ = {
			isa = XCBuildConfiguration;
			buildSettings = {
				ALWAYS_EMBED_SWIFT_STANDARD_LIBRARIES = YES;
				CODE_SIGN_STYLE = Automatic;
				INFOPLIST_FILE = checkworkUITests/Info.plist;
				LD_RUNPATH_SEARCH_PATHS = (
					"$(inherited)",
					"@executable_path/Frameworks",
					"@loader_path/Frameworks",
				);
				PRODUCT_BUNDLE_IDENTIFIER = com.konatsup.checkworkUITests;
				PRODUCT_NAME = "$(TARGET_NAME)";
				SWIFT_VERSION = 5.0;
				TARGETED_DEVICE_FAMILY = "1,2";
				TEST_TARGET_NAME = checkwork;
			};
			name = Debug;
		};
		1883437F23F118D400A4E67E /* Release */ = {
			isa = XCBuildConfiguration;
			buildSettings = {
				ALWAYS_EMBED_SWIFT_STANDARD_LIBRARIES = YES;
				CODE_SIGN_STYLE = Automatic;
				INFOPLIST_FILE = checkworkUITests/Info.plist;
				LD_RUNPATH_SEARCH_PATHS = (
					"$(inherited)",
					"@executable_path/Frameworks",
					"@loader_path/Frameworks",
				);
				PRODUCT_BUNDLE_IDENTIFIER = com.konatsup.checkworkUITests;
				PRODUCT_NAME = "$(TARGET_NAME)";
				SWIFT_VERSION = 5.0;
				TARGETED_DEVICE_FAMILY = "1,2";
				TEST_TARGET_NAME = checkwork;
			};
			name = Release;
		};
/* End XCBuildConfiguration section */

/* Begin XCConfigurationList section */
		1883434823F118D200A4E67E /* Build configuration list for PBXProject "checkwork" */ = {
			isa = XCConfigurationList;
			buildConfigurations = (
				1883437523F118D400A4E67E /* Debug */,
				1883437623F118D400A4E67E /* Release */,
			);
			defaultConfigurationIsVisible = 0;
			defaultConfigurationName = Release;
		};
		1883437723F118D400A4E67E /* Build configuration list for PBXNativeTarget "checkwork" */ = {
			isa = XCConfigurationList;
			buildConfigurations = (
				1883437823F118D400A4E67E /* Debug */,
				1883437923F118D400A4E67E /* Release */,
			);
			defaultConfigurationIsVisible = 0;
			defaultConfigurationName = Release;
		};
		1883437A23F118D400A4E67E /* Build configuration list for PBXNativeTarget "checkworkTests" */ = {
			isa = XCConfigurationList;
			buildConfigurations = (
				1883437B23F118D400A4E67E /* Debug */,
				1883437C23F118D400A4E67E /* Release */,
			);
			defaultConfigurationIsVisible = 0;
			defaultConfigurationName = Release;
		};
		1883437D23F118D400A4E67E /* Build configuration list for PBXNativeTarget "checkworkUITests" */ = {
			isa = XCConfigurationList;
			buildConfigurations = (
				1883437E23F118D400A4E67E /* Debug */,
				1883437F23F118D400A4E67E /* Release */,
			);
			defaultConfigurationIsVisible = 0;
			defaultConfigurationName = Release;
		};
/* End XCConfigurationList section */
	};
	rootObject = 1883434523F118D200A4E67E /* Project object */;
}
